
Microsoft Visual Studio Solution File, Format Version 12.00
# Visual Studio Version 16
VisualStudioVersion = 16.0.28711.60
MinimumVisualStudioVersion = 10.0.40219.1
Project("{FAE04EC0-301F-11D3-BF4B-00C04F79EFBC}") = "PlexConverter", "PlexConverter\PlexConverter.csproj", "{6882066D-0E5F-4783-BDE6-3448ED3353AA}"
EndProject
Global
	GlobalSection(SolutionConfigurationPlatforms) = preSolution
		Debug|Any CPU = Debug|Any CPU
		Release|Any CPU = Release|Any CPU
	EndGlobalSection
	GlobalSection(ProjectConfigurationPlatforms) = postSolution
		{6882066D-0E5F-4783-BDE6-3448ED3353AA}.Debug|Any CPU.ActiveCfg = Debug|Any CPU
		{6882066D-0E5F-4783-BDE6-3448ED3353AA}.Debug|Any CPU.Build.0 = Debug|Any CPU
		{6882066D-0E5F-4783-BDE6-3448ED3353AA}.Release|Any CPU.ActiveCfg = Release|Any CPU
		{6882066D-0E5F-4783-BDE6-3448ED3353AA}.Release|Any CPU.Build.0 = Release|Any CPU
	EndGlobalSection
	GlobalSection(SolutionProperties) = preSolution
		HideSolutionNode = FALSE
	EndGlobalSection
	GlobalSection(ExtensibilityGlobals) = postSolution
		SolutionGuid = {B0BB814F-A1D9-4608-BAD5-2113046ACCB8}
	EndGlobalSection
EndGlobal
